
Microsoft Visual Studio Solution File, Format Version 12.00
# Visual Studio Version 16
VisualStudioVersion = 16.0.30225.117
MinimumVisualStudioVersion = 10.0.40219.1
Project("{FAE04EC0-301F-11D3-BF4B-00C04F79EFBC}") = "BuscarConteudo", "BuscarConteudo\BuscarConteudo.csproj", "{4D48E057-6B65-4CE0-995E-14ABF7ECE731}"
EndProject
Project("{9A19103F-16F7-4668-BE54-9A1E7A4F7556}") = "ResultSearchModel", "ResultSearchModel\ResultSearchModel.csproj", "{A3D18951-C2DE-4ED3-B7DD-4DCD7D22D4C3}"
EndProject
Project("{9A19103F-16F7-4668-BE54-9A1E7A4F7556}") = "FerramentasTratamento", "FerramentasHtml\FerramentasTratamento.csproj", "{C41F2B9B-2B0B-44D5-8EF4-671B05D1D8BD}"
EndProject
Global
	GlobalSection(SolutionConfigurationPlatforms) = preSolution
		Debug|Any CPU = Debug|Any CPU
		Release|Any CPU = Release|Any CPU
	EndGlobalSection
	GlobalSection(ProjectConfigurationPlatforms) = postSolution
		{4D48E057-6B65-4CE0-995E-14ABF7ECE731}.Debug|Any CPU.ActiveCfg = Debug|Any CPU
		{4D48E057-6B65-4CE0-995E-14ABF7ECE731}.Debug|Any CPU.Build.0 = Debug|Any CPU
		{4D48E057-6B65-4CE0-995E-14ABF7ECE731}.Release|Any CPU.ActiveCfg = Release|Any CPU
		{4D48E057-6B65-4CE0-995E-14ABF7ECE731}.Release|Any CPU.Build.0 = Release|Any CPU
		{A3D18951-C2DE-4ED3-B7DD-4DCD7D22D4C3}.Debug|Any CPU.ActiveCfg = Debug|Any CPU
		{A3D18951-C2DE-4ED3-B7DD-4DCD7D22D4C3}.Debug|Any CPU.Build.0 = Debug|Any CPU
		{A3D18951-C2DE-4ED3-B7DD-4DCD7D22D4C3}.Release|Any CPU.ActiveCfg = Release|Any CPU
		{A3D18951-C2DE-4ED3-B7DD-4DCD7D22D4C3}.Release|Any CPU.Build.0 = Release|Any CPU
		{C41F2B9B-2B0B-44D5-8EF4-671B05D1D8BD}.Debug|Any CPU.ActiveCfg = Debug|Any CPU
		{C41F2B9B-2B0B-44D5-8EF4-671B05D1D8BD}.Debug|Any CPU.Build.0 = Debug|Any CPU
		{C41F2B9B-2B0B-44D5-8EF4-671B05D1D8BD}.Release|Any CPU.ActiveCfg = Release|Any CPU
		{C41F2B9B-2B0B-44D5-8EF4-671B05D1D8BD}.Release|Any CPU.Build.0 = Release|Any CPU
	EndGlobalSection
	GlobalSection(SolutionProperties) = preSolution
		HideSolutionNode = FALSE
	EndGlobalSection
	GlobalSection(ExtensibilityGlobals) = postSolution
		SolutionGuid = {B70B94AF-D767-4DB2-8928-ED5CFB3C929C}
	EndGlobalSection
EndGlobal
